// !$*UTF8*$!
{
	archiveVersion = 1;
	classes = {
	};
	objectVersion = 50;
	objects = {

/* Begin PBXBuildFile section */
		8E7A49B42704B6E50025BF8C /* AppDelegate.swift in Sources */ = {isa = PBXBuildFile; fileRef = 8E7A49B32704B6E50025BF8C /* AppDelegate.swift */; };
		8E7A49B62704B6E50025BF8C /* SceneDelegate.swift in Sources */ = {isa = PBXBuildFile; fileRef = 8E7A49B52704B6E50025BF8C /* SceneDelegate.swift */; };
		8E7A49B82704B6E50025BF8C /* ViewController.swift in Sources */ = {isa = PBXBuildFile; fileRef = 8E7A49B72704B6E50025BF8C /* ViewController.swift */; };
		8E7A49BB2704B6E50025BF8C /* Main.storyboard in Resources */ = {isa = PBXBuildFile; fileRef = 8E7A49B92704B6E50025BF8C /* Main.storyboard */; };
		8E7A49BD2704B6ED0025BF8C /* Assets.xcassets in Resources */ = {isa = PBXBuildFile; fileRef = 8E7A49BC2704B6ED0025BF8C /* Assets.xcassets */; };
		8E7A49C02704B6ED0025BF8C /* LaunchScreen.storyboard in Resources */ = {isa = PBXBuildFile; fileRef = 8E7A49BE2704B6ED0025BF8C /* LaunchScreen.storyboard */; };
		8E7A49CB2704B6EE0025BF8C /* assignmentTests.swift in Sources */ = {isa = PBXBuildFile; fileRef = 8E7A49CA2704B6EE0025BF8C /* assignmentTests.swift */; };
		8E7A49D62704B6EE0025BF8C /* assignmentUITests.swift in Sources */ = {isa = PBXBuildFile; fileRef = 8E7A49D52704B6EE0025BF8C /* assignmentUITests.swift */; };
/* End PBXBuildFile section */

/* Begin PBXContainerItemProxy section */
		8E7A49C72704B6EE0025BF8C /* PBXContainerItemProxy */ = {
			isa = PBXContainerItemProxy;
			containerPortal = 8E7A49A82704B6E50025BF8C /* Project object */;
			proxyType = 1;
			remoteGlobalIDString = 8E7A49AF2704B6E50025BF8C;
			remoteInfo = assignment;
		};
		8E7A49D22704B6EE0025BF8C /* PBXContainerItemProxy */ = {
			isa = PBXContainerItemProxy;
			containerPortal = 8E7A49A82704B6E50025BF8C /* Project object */;
			proxyType = 1;
			remoteGlobalIDString = 8E7A49AF2704B6E50025BF8C;
			remoteInfo = assignment;
		};
/* End PBXContainerItemProxy section */

/* Begin PBXFileReference section */
		8E7A49B02704B6E50025BF8C /* assignment.app */ = {isa = PBXFileReference; explicitFileType = wrapper.application; includeInIndex = 0; path = assignment.app; sourceTree = BUILT_PRODUCTS_DIR; };
		8E7A49B32704B6E50025BF8C /* AppDelegate.swift */ = {isa = PBXFileReference; lastKnownFileType = sourcecode.swift; path = AppDelegate.swift; sourceTree = "<group>"; };
		8E7A49B52704B6E50025BF8C /* SceneDelegate.swift */ = {isa = PBXFileReference; lastKnownFileType = sourcecode.swift; path = SceneDelegate.swift; sourceTree = "<group>"; };
		8E7A49B72704B6E50025BF8C /* ViewController.swift */ = {isa = PBXFileReference; lastKnownFileType = sourcecode.swift; path = ViewController.swift; sourceTree = "<group>"; };
		8E7A49BA2704B6E50025BF8C /* Base */ = {isa = PBXFileReference; lastKnownFileType = file.storyboard; name = Base; path = Base.lproj/Main.storyboard; sourceTree = "<group>"; };
		8E7A49BC2704B6ED0025BF8C /* Assets.xcassets */ = {isa = PBXFileReference; lastKnownFileType = folder.assetcatalog; path = Assets.xcassets; sourceTree = "<group>"; };
		8E7A49BF2704B6ED0025BF8C /* Base */ = {isa = PBXFileReference; lastKnownFileType = file.storyboard; name = Base; path = Base.lproj/LaunchScreen.storyboard; sourceTree = "<group>"; };
		8E7A49C12704B6ED0025BF8C /* Info.plist */ = {isa = PBXFileReference; lastKnownFileType = text.plist.xml; path = Info.plist; sourceTree = "<group>"; };
		8E7A49C62704B6EE0025BF8C /* assignmentTests.xctest */ = {isa = PBXFileReference; explicitFileType = wrapper.cfbundle; includeInIndex = 0; path = assignmentTests.xctest; sourceTree = BUILT_PRODUCTS_DIR; };
		8E7A49CA2704B6EE0025BF8C /* assignmentTests.swift */ = {isa = PBXFileReference; lastKnownFileType = sourcecode.swift; path = assignmentTests.swift; sourceTree = "<group>"; };
		8E7A49CC2704B6EE0025BF8C /* Info.plist */ = {isa = PBXFileReference; lastKnownFileType = text.plist.xml; path = Info.plist; sourceTree = "<group>"; };
		8E7A49D12704B6EE0025BF8C /* assignmentUITests.xctest */ = {isa = PBXFileReference; explicitFileType = wrapper.cfbundle; includeInIndex = 0; path = assignmentUITests.xctest; sourceTree = BUILT_PRODUCTS_DIR; };
		8E7A49D52704B6EE0025BF8C /* assignmentUITests.swift */ = {isa = PBXFileReference; lastKnownFileType = sourcecode.swift; path = assignmentUITests.swift; sourceTree = "<group>"; };
		8E7A49D72704B6EE0025BF8C /* Info.plist */ = {isa = PBXFileReference; lastKnownFileType = text.plist.xml; path = Info.plist; sourceTree = "<group>"; };
/* End PBXFileReference section */

/* Begin PBXFrameworksBuildPhase section */
		8E7A49AD2704B6E50025BF8C /* Frameworks */ = {
			isa = PBXFrameworksBuildPhase;
			buildActionMask = 2147483647;
			files = (
			);
			runOnlyForDeploymentPostprocessing = 0;
		};
		8E7A49C32704B6EE0025BF8C /* Frameworks */ = {
			isa = PBXFrameworksBuildPhase;
			buildActionMask = 2147483647;
			files = (
			);
			runOnlyForDeploymentPostprocessing = 0;
		};
		8E7A49CE2704B6EE0025BF8C /* Frameworks */ = {
			isa = PBXFrameworksBuildPhase;
			buildActionMask = 2147483647;
			files = (
			);
			runOnlyForDeploymentPostprocessing = 0;
		};
/* End PBXFrameworksBuildPhase section */

/* Begin PBXGroup section */
		8E7A49A72704B6E50025BF8C = {
			isa = PBXGroup;
			children = (
				8E7A49B22704B6E50025BF8C /* assignment */,
				8E7A49C92704B6EE0025BF8C /* assignmentTests */,
				8E7A49D42704B6EE0025BF8C /* assignmentUITests */,
				8E7A49B12704B6E50025BF8C /* Products */,
			);
			sourceTree = "<group>";
		};
		8E7A49B12704B6E50025BF8C /* Products */ = {
			isa = PBXGroup;
			children = (
				8E7A49B02704B6E50025BF8C /* assignment.app */,
				8E7A49C62704B6EE0025BF8C /* assignmentTests.xctest */,
				8E7A49D12704B6EE0025BF8C /* assignmentUITests.xctest */,
			);
			name = Products;
			sourceTree = "<group>";
		};
		8E7A49B22704B6E50025BF8C /* assignment */ = {
			isa = PBXGroup;
			children = (
				8E7A49B32704B6E50025BF8C /* AppDelegate.swift */,
				8E7A49B52704B6E50025BF8C /* SceneDelegate.swift */,
				8E7A49B72704B6E50025BF8C /* ViewController.swift */,
				8E7A49B92704B6E50025BF8C /* Main.storyboard */,
				8E7A49BC2704B6ED0025BF8C /* Assets.xcassets */,
				8E7A49BE2704B6ED0025BF8C /* LaunchScreen.storyboard */,
				8E7A49C12704B6ED0025BF8C /* Info.plist */,
			);
			path = assignment;
			sourceTree = "<group>";
		};
		8E7A49C92704B6EE0025BF8C /* assignmentTests */ = {
			isa = PBXGroup;
			children = (
				8E7A49CA2704B6EE0025BF8C /* assignmentTests.swift */,
				8E7A49CC2704B6EE0025BF8C /* Info.plist */,
			);
			path = assignmentTests;
			sourceTree = "<group>";
		};
		8E7A49D42704B6EE0025BF8C /* assignmentUITests */ = {
			isa = PBXGroup;
			children = (
				8E7A49D52704B6EE0025BF8C /* assignmentUITests.swift */,
				8E7A49D72704B6EE0025BF8C /* Info.plist */,
			);
			path = assignmentUITests;
			sourceTree = "<group>";
		};
/* End PBXGroup section */

/* Begin PBXNativeTarget section */
		8E7A49AF2704B6E50025BF8C /* assignment */ = {
			isa = PBXNativeTarget;
			buildConfigurationList = 8E7A49DA2704B6EE0025BF8C /* Build configuration list for PBXNativeTarget "assignment" */;
			buildPhases = (
				8E7A49AC2704B6E50025BF8C /* Sources */,
				8E7A49AD2704B6E50025BF8C /* Frameworks */,
				8E7A49AE2704B6E50025BF8C /* Resources */,
			);
			buildRules = (
			);
			dependencies = (
			);
			name = assignment;
			productName = assignment;
			productReference = 8E7A49B02704B6E50025BF8C /* assignment.app */;
			productType = "com.apple.product-type.application";
		};
		8E7A49C52704B6EE0025BF8C /* assignmentTests */ = {
			isa = PBXNativeTarget;
			buildConfigurationList = 8E7A49DD2704B6EE0025BF8C /* Build configuration list for PBXNativeTarget "assignmentTests" */;
			buildPhases = (
				8E7A49C22704B6EE0025BF8C /* Sources */,
				8E7A49C32704B6EE0025BF8C /* Frameworks */,
				8E7A49C42704B6EE0025BF8C /* Resources */,
			);
			buildRules = (
			);
			dependencies = (
				8E7A49C82704B6EE0025BF8C /* PBXTargetDependency */,
			);
			name = assignmentTests;
			productName = assignmentTests;
			productReference = 8E7A49C62704B6EE0025BF8C /* assignmentTests.xctest */;
			productType = "com.apple.product-type.bundle.unit-test";
		};
		8E7A49D02704B6EE0025BF8C /* assignmentUITests */ = {
			isa = PBXNativeTarget;
			buildConfigurationList = 8E7A49E02704B6EE0025BF8C /* Build configuration list for PBXNativeTarget "assignmentUITests" */;
			buildPhases = (
				8E7A49CD2704B6EE0025BF8C /* Sources */,
				8E7A49CE2704B6EE0025BF8C /* Frameworks */,
				8E7A49CF2704B6EE0025BF8C /* Resources */,
			);
			buildRules = (
			);
			dependencies = (
				8E7A49D32704B6EE0025BF8C /* PBXTargetDependency */,
			);
			name = assignmentUITests;
			productName = assignmentUITests;
			productReference = 8E7A49D12704B6EE0025BF8C /* assignmentUITests.xctest */;
			productType = "com.apple.product-type.bundle.ui-testing";
		};
/* End PBXNativeTarget section */

/* Begin PBXProject section */
		8E7A49A82704B6E50025BF8C /* Project object */ = {
			isa = PBXProject;
			attributes = {
				LastSwiftUpdateCheck = 1250;
				LastUpgradeCheck = 1250;
				TargetAttributes = {
					8E7A49AF2704B6E50025BF8C = {
						CreatedOnToolsVersion = 12.5.1;
					};
					8E7A49C52704B6EE0025BF8C = {
						CreatedOnToolsVersion = 12.5.1;
						TestTargetID = 8E7A49AF2704B6E50025BF8C;
					};
					8E7A49D02704B6EE0025BF8C = {
						CreatedOnToolsVersion = 12.5.1;
						TestTargetID = 8E7A49AF2704B6E50025BF8C;
					};
				};
			};
			buildConfigurationList = 8E7A49AB2704B6E50025BF8C /* Build configuration list for PBXProject "assignment" */;
			compatibilityVersion = "Xcode 9.3";
			developmentRegion = en;
			hasScannedForEncodings = 0;
			knownRegions = (
				en,
				Base,
			);
			mainGroup = 8E7A49A72704B6E50025BF8C;
			productRefGroup = 8E7A49B12704B6E50025BF8C /* Products */;
			projectDirPath = "";
			projectRoot = "";
			targets = (
				8E7A49AF2704B6E50025BF8C /* assignment */,
				8E7A49C52704B6EE0025BF8C /* assignmentTests */,
				8E7A49D02704B6EE0025BF8C /* assignmentUITests */,
			);
		};
/* End PBXProject section */

/* Begin PBXResourcesBuildPhase section */
		8E7A49AE2704B6E50025BF8C /* Resources */ = {
			isa = PBXResourcesBuildPhase;
			buildActionMask = 2147483647;
			files = (
				8E7A49C02704B6ED0025BF8C /* LaunchScreen.storyboard in Resources */,
				8E7A49BD2704B6ED0025BF8C /* Assets.xcassets in Resources */,
				8E7A49BB2704B6E50025BF8C /* Main.storyboard in Resources */,
			);
			runOnlyForDeploymentPostprocessing = 0;
		};
		8E7A49C42704B6EE0025BF8C /* Resources */ = {
			isa = PBXResourcesBuildPhase;
			buildActionMask = 2147483647;
			files = (
			);
			runOnlyForDeploymentPostprocessing = 0;
		};
		8E7A49CF2704B6EE0025BF8C /* Resources */ = {
			isa = PBXResourcesBuildPhase;
			buildActionMask = 2147483647;
			files = (
			);
			runOnlyForDeploymentPostprocessing = 0;
		};
/* End PBXResourcesBuildPhase section */

/* Begin PBXSourcesBuildPhase section */
		8E7A49AC2704B6E50025BF8C /* Sources */ = {
			isa = PBXSourcesBuildPhase;
			buildActionMask = 2147483647;
			files = (
				8E7A49B82704B6E50025BF8C /* ViewController.swift in Sources */,
				8E7A49B42704B6E50025BF8C /* AppDelegate.swift in Sources */,
				8E7A49B62704B6E50025BF8C /* SceneDelegate.swift in Sources */,
			);
			runOnlyForDeploymentPostprocessing = 0;
		};
		8E7A49C22704B6EE0025BF8C /* Sources */ = {
			isa = PBXSourcesBuildPhase;
			buildActionMask = 2147483647;
			files = (
				8E7A49CB2704B6EE0025BF8C /* assignmentTests.swift in Sources */,
			);
			runOnlyForDeploymentPostprocessing = 0;
		};
		8E7A49CD2704B6EE0025BF8C /* Sources */ = {
			isa = PBXSourcesBuildPhase;
			buildActionMask = 2147483647;
			files = (
				8E7A49D62704B6EE0025BF8C /* assignmentUITests.swift in Sources */,
			);
			runOnlyForDeploymentPostprocessing = 0;
		};
/* End PBXSourcesBuildPhase section */

/* Begin PBXTargetDependency section */
		8E7A49C82704B6EE0025BF8C /* PBXTargetDependency */ = {
			isa = PBXTargetDependency;
			target = 8E7A49AF2704B6E50025BF8C /* assignment */;
			targetProxy = 8E7A49C72704B6EE0025BF8C /* PBXContainerItemProxy */;
		};
		8E7A49D32704B6EE0025BF8C /* PBXTargetDependency */ = {
			isa = PBXTargetDependency;
			target = 8E7A49AF2704B6E50025BF8C /* assignment */;
			targetProxy = 8E7A49D22704B6EE0025BF8C /* PBXContainerItemProxy */;
		};
/* End PBXTargetDependency section */

/* Begin PBXVariantGroup section */
		8E7A49B92704B6E50025BF8C /* Main.storyboard */ = {
			isa = PBXVariantGroup;
			children = (
				8E7A49BA2704B6E50025BF8C /* Base */,
			);
			name = Main.storyboard;
			sourceTree = "<group>";
		};
		8E7A49BE2704B6ED0025BF8C /* LaunchScreen.storyboard */ = {
			isa = PBXVariantGroup;
			children = (
				8E7A49BF2704B6ED0025BF8C /* Base */,
			);
			name = LaunchScreen.storyboard;
			sourceTree = "<group>";
		};
/* End PBXVariantGroup section */

/* Begin XCBuildConfiguration section */
		8E7A49D82704B6EE0025BF8C /* Debug */ = {
			isa = XCBuildConfiguration;
			buildSettings = {
				ALWAYS_SEARCH_USER_PATHS = NO;
				CLANG_ANALYZER_NONNULL = YES;
				CLANG_ANALYZER_NUMBER_OBJECT_CONVERSION = YES_AGGRESSIVE;
				CLANG_CXX_LANGUAGE_STANDARD = "gnu++14";
				CLANG_CXX_LIBRARY = "libc++";
				CLANG_ENABLE_MODULES = YES;
				CLANG_ENABLE_OBJC_ARC = YES;
				CLANG_ENABLE_OBJC_WEAK = YES;
				CLANG_WARN_BLOCK_CAPTURE_AUTORELEASING = YES;
				CLANG_WARN_BOOL_CONVERSION = YES;
				CLANG_WARN_COMMA = YES;
				CLANG_WARN_CONSTANT_CONVERSION = YES;
				CLANG_WARN_DEPRECATED_OBJC_IMPLEMENTATIONS = YES;
				CLANG_WARN_DIRECT_OBJC_ISA_USAGE = YES_ERROR;
				CLANG_WARN_DOCUMENTATION_COMMENTS = YES;
				CLANG_WARN_EMPTY_BODY = YES;
				CLANG_WARN_ENUM_CONVERSION = YES;
				CLANG_WARN_INFINITE_RECURSION = YES;
				CLANG_WARN_INT_CONVERSION = YES;
				CLANG_WARN_NON_LITERAL_NULL_CONVERSION = YES;
				CLANG_WARN_OBJC_IMPLICIT_RETAIN_SELF = YES;
				CLANG_WARN_OBJC_LITERAL_CONVERSION = YES;
				CLANG_WARN_OBJC_ROOT_CLASS = YES_ERROR;
				CLANG_WARN_QUOTED_INCLUDE_IN_FRAMEWORK_HEADER = YES;
				CLANG_WARN_RANGE_LOOP_ANALYSIS = YES;
				CLANG_WARN_STRICT_PROTOTYPES = YES;
				CLANG_WARN_SUSPICIOUS_MOVE = YES;
				CLANG_WARN_UNGUARDED_AVAILABILITY = YES_AGGRESSIVE;
				CLANG_WARN_UNREACHABLE_CODE = YES;
				CLANG_WARN__DUPLICATE_METHOD_MATCH = YES;
				COPY_PHASE_STRIP = NO;
				DEBUG_INFORMATION_FORMAT = dwarf;
				ENABLE_STRICT_OBJC_MSGSEND = YES;
				ENABLE_TESTABILITY = YES;
				GCC_C_LANGUAGE_STANDARD = gnu11;
				GCC_DYNAMIC_NO_PIC = NO;
				GCC_NO_COMMON_BLOCKS = YES;
				GCC_OPTIMIZATION_LEVEL = 0;
				GCC_PREPROCESSOR_DEFINITIONS = (
					"DEBUG=1",
					"$(inherited)",
				);
				GCC_WARN_64_TO_32_BIT_CONVERSION = YES;
				GCC_WARN_ABOUT_RETURN_TYPE = YES_ERROR;
				GCC_WARN_UNDECLARED_SELECTOR = YES;
				GCC_WARN_UNINITIALIZED_AUTOS = YES_AGGRESSIVE;
				GCC_WARN_UNUSED_FUNCTION = YES;
				GCC_WARN_UNUSED_VARIABLE = YES;
				IPHONEOS_DEPLOYMENT_TARGET = 14.5;
				MTL_ENABLE_DEBUG_INFO = INCLUDE_SOURCE;
				MTL_FAST_MATH = YES;
				ONLY_ACTIVE_ARCH = YES;
				SDKROOT = iphoneos;
				SWIFT_ACTIVE_COMPILATION_CONDITIONS = DEBUG;
				SWIFT_OPTIMIZATION_LEVEL = "-Onone";
			};
			name = Debug;
		};
		8E7A49D92704B6EE0025BF8C /* Release */ = {
			isa = XCBuildConfiguration;
			buildSettings = {
				ALWAYS_SEARCH_USER_PATHS = NO;
				CLANG_ANALYZER_NONNULL = YES;
				CLANG_ANALYZER_NUMBER_OBJECT_CONVERSION = YES_AGGRESSIVE;
				CLANG_CXX_LANGUAGE_STANDARD = "gnu++14";
				CLANG_CXX_LIBRARY = "libc++";
				CLANG_ENABLE_MODULES = YES;
				CLANG_ENABLE_OBJC_ARC = YES;
				CLANG_ENABLE_OBJC_WEAK = YES;
				CLANG_WARN_BLOCK_CAPTURE_AUTORELEASING = YES;
				CLANG_WARN_BOOL_CONVERSION = YES;
				CLANG_WARN_COMMA = YES;
				CLANG_WARN_CONSTANT_CONVERSION = YES;
				CLANG_WARN_DEPRECATED_OBJC_IMPLEMENTATIONS = YES;
				CLANG_WARN_DIRECT_OBJC_ISA_USAGE = YES_ERROR;
				CLANG_WARN_DOCUMENTATION_COMMENTS = YES;
				CLANG_WARN_EMPTY_BODY = YES;
				CLANG_WARN_ENUM_CONVERSION = YES;
				CLANG_WARN_INFINITE_RECURSION = YES;
				CLANG_WARN_INT_CONVERSION = YES;
				CLANG_WARN_NON_LITERAL_NULL_CONVERSION = YES;
				CLANG_WARN_OBJC_IMPLICIT_RETAIN_SELF = YES;
				CLANG_WARN_OBJC_LITERAL_CONVERSION = YES;
				CLANG_WARN_OBJC_ROOT_CLASS = YES_ERROR;
				CLANG_WARN_QUOTED_INCLUDE_IN_FRAMEWORK_HEADER = YES;
				CLANG_WARN_RANGE_LOOP_ANALYSIS = YES;
				CLANG_WARN_STRICT_PROTOTYPES = YES;
				CLANG_WARN_SUSPICIOUS_MOVE = YES;
				CLANG_WARN_UNGUARDED_AVAILABILITY = YES_AGGRESSIVE;
				CLANG_WARN_UNREACHABLE_CODE = YES;
				CLANG_WARN__DUPLICATE_METHOD_MATCH = YES;
				COPY_PHASE_STRIP = NO;
				DEBUG_INFORMATION_FORMAT = "dwarf-with-dsym";
				ENABLE_NS_ASSERTIONS = NO;
				ENABLE_STRICT_OBJC_MSGSEND = YES;
				GCC_C_LANGUAGE_STANDARD = gnu11;
				GCC_NO_COMMON_BLOCKS = YES;
				GCC_WARN_64_TO_32_BIT_CONVERSION = YES;
				GCC_WARN_ABOUT_RETURN_TYPE = YES_ERROR;
				GCC_WARN_UNDECLARED_SELECTOR = YES;
				GCC_WARN_UNINITIALIZED_AUTOS = YES_AGGRESSIVE;
				GCC_WARN_UNUSED_FUNCTION = YES;
				GCC_WARN_UNUSED_VARIABLE = YES;
				IPHONEOS_DEPLOYMENT_TARGET = 14.5;
				MTL_ENABLE_DEBUG_INFO = NO;
				MTL_FAST_MATH = YES;
				SDKROOT = iphoneos;
				SWIFT_COMPILATION_MODE = wholemodule;
				SWIFT_OPTIMIZATION_LEVEL = "-O";
				VALIDATE_PRODUCT = YES;
			};
			name = Release;
		};
		8E7A49DB2704B6EE0025BF8C /* Debug */ = {
			isa = XCBuildConfiguration;
			buildSettings = {
				ASSETCATALOG_COMPILER_APPICON_NAME = AppIcon;
				ASSETCATALOG_COMPILER_GLOBAL_ACCENT_COLOR_NAME = AccentColor;
				CODE_SIGN_STYLE = Automatic;
				DEVELOPMENT_TEAM = 3P58GG46V4;
				INFOPLIST_FILE = assignment/Info.plist;
				LD_RUNPATH_SEARCH_PATHS = (
					"$(inherited)",
					"@executable_path/Frameworks",
				);
				PRODUCT_BUNDLE_IDENTIFIER = wasan.assignment;
				PRODUCT_NAME = "$(TARGET_NAME)";
				SWIFT_VERSION = 5.0;
				TARGETED_DEVICE_FAMILY = "1,2";
			};
			name = Debug;
		};
		8E7A49DC2704B6EE0025BF8C /* Release */ = {
			isa = XCBuildConfiguration;
			buildSettings = {
				ASSETCATALOG_COMPILER_APPICON_NAME = AppIcon;
				ASSETCATALOG_COMPILER_GLOBAL_ACCENT_COLOR_NAME = AccentColor;
				CODE_SIGN_STYLE = Automatic;
				DEVELOPMENT_TEAM = 3P58GG46V4;
				INFOPLIST_FILE = assignment/Info.plist;
				LD_RUNPATH_SEARCH_PATHS = (
					"$(inherited)",
					"@executable_path/Frameworks",
				);
				PRODUCT_BUNDLE_IDENTIFIER = wasan.assignment;
				PRODUCT_NAME = "$(TARGET_NAME)";
				SWIFT_VERSION = 5.0;
				TARGETED_DEVICE_FAMILY = "1,2";
			};
			name = Release;
		};
		8E7A49DE2704B6EE0025BF8C /* Debug */ = {
			isa = XCBuildConfiguration;
			buildSettings = {
				ALWAYS_EMBED_SWIFT_STANDARD_LIBRARIES = YES;
				BUNDLE_LOADER = "$(TEST_HOST)";
				CODE_SIGN_STYLE = Automatic;
				DEVELOPMENT_TEAM = 3P58GG46V4;
				INFOPLIST_FILE = assignmentTests/Info.plist;
				IPHONEOS_DEPLOYMENT_TARGET = 14.5;
				LD_RUNPATH_SEARCH_PATHS = (
					"$(inherited)",
					"@executable_path/Frameworks",
					"@loader_path/Frameworks",
				);
				PRODUCT_BUNDLE_IDENTIFIER = wasan.assignmentTests;
				PRODUCT_NAME = "$(TARGET_NAME)";
				SWIFT_VERSION = 5.0;
				TARGETED_DEVICE_FAMILY = "1,2";
				TEST_HOST = "$(BUILT_PRODUCTS_DIR)/assignment.app/assignment";
			};
			name = Debug;
		};
		8E7A49DF2704B6EE0025BF8C /* Release */ = {
			isa = XCBuildConfiguration;
			buildSettings = {
				ALWAYS_EMBED_SWIFT_STANDARD_LIBRARIES = YES;
				BUNDLE_LOADER = "$(TEST_HOST)";
				CODE_SIGN_STYLE = Automatic;
				DEVELOPMENT_TEAM = 3P58GG46V4;
				INFOPLIST_FILE = assignmentTests/Info.plist;
				IPHONEOS_DEPLOYMENT_TARGET = 14.5;
				LD_RUNPATH_SEARCH_PATHS = (
					"$(inherited)",
					"@executable_path/Frameworks",
					"@loader_path/Frameworks",
				);
				PRODUCT_BUNDLE_IDENTIFIER = wasan.assignmentTests;
				PRODUCT_NAME = "$(TARGET_NAME)";
				SWIFT_VERSION = 5.0;
				TARGETED_DEVICE_FAMILY = "1,2";
				TEST_HOST = "$(BUILT_PRODUCTS_DIR)/assignment.app/assignment";
			};
			name = Release;
		};
		8E7A49E12704B6EE0025BF8C /* Debug */ = {
			isa = XCBuildConfiguration;
			buildSettings = {
				ALWAYS_EMBED_SWIFT_STANDARD_LIBRARIES = YES;
				CODE_SIGN_STYLE = Automatic;
				DEVELOPMENT_TEAM = 3P58GG46V4;
				INFOPLIST_FILE = assignmentUITests/Info.plist;
				LD_RUNPATH_SEARCH_PATHS = (
					"$(inherited)",
					"@executable_path/Frameworks",
					"@loader_path/Frameworks",
				);
				PRODUCT_BUNDLE_IDENTIFIER = wasan.assignmentUITests;
				PRODUCT_NAME = "$(TARGET_NAME)";
				SWIFT_VERSION = 5.0;
				TARGETED_DEVICE_FAMILY = "1,2";
				TEST_TARGET_NAME = assignment;
			};
			name = Debug;
		};
		8E7A49E22704B6EE0025BF8C /* Release */ = {
			isa = XCBuildConfiguration;
			buildSettings = {
				ALWAYS_EMBED_SWIFT_STANDARD_LIBRARIES = YES;
				CODE_SIGN_STYLE = Automatic;
				DEVELOPMENT_TEAM = 3P58GG46V4;
				INFOPLIST_FILE = assignmentUITests/Info.plist;
				LD_RUNPATH_SEARCH_PATHS = (
					"$(inherited)",
					"@executable_path/Frameworks",
					"@loader_path/Frameworks",
				);
				PRODUCT_BUNDLE_IDENTIFIER = wasan.assignmentUITests;
				PRODUCT_NAME = "$(TARGET_NAME)";
				SWIFT_VERSION = 5.0;
				TARGETED_DEVICE_FAMILY = "1,2";
				TEST_TARGET_NAME = assignment;
			};
			name = Release;
		};
/* End XCBuildConfiguration section */

/* Begin XCConfigurationList section */
		8E7A49AB2704B6E50025BF8C /* Build configuration list for PBXProject "assignment" */ = {
			isa = XCConfigurationList;
			buildConfigurations = (
				8E7A49D82704B6EE0025BF8C /* Debug */,
				8E7A49D92704B6EE0025BF8C /* Release */,
			);
			defaultConfigurationIsVisible = 0;
			defaultConfigurationName = Release;
		};
		8E7A49DA2704B6EE0025BF8C /* Build configuration list for PBXNativeTarget "assignment" */ = {
			isa = XCConfigurationList;
			buildConfigurations = (
				8E7A49DB2704B6EE0025BF8C /* Debug */,
				8E7A49DC2704B6EE0025BF8C /* Release */,
			);
			defaultConfigurationIsVisible = 0;
			defaultConfigurationName = Release;
		};
		8E7A49DD2704B6EE0025BF8C /* Build configuration list for PBXNativeTarget "assignmentTests" */ = {
			isa = XCConfigurationList;
			buildConfigurations = (
				8E7A49DE2704B6EE0025BF8C /* Debug */,
				8E7A49DF2704B6EE0025BF8C /* Release */,
			);
			defaultConfigurationIsVisible = 0;
			defaultConfigurationName = Release;
		};
		8E7A49E02704B6EE0025BF8C /* Build configuration list for PBXNativeTarget "assignmentUITests" */ = {
			isa = XCConfigurationList;
			buildConfigurations = (
				8E7A49E12704B6EE0025BF8C /* Debug */,
				8E7A49E22704B6EE0025BF8C /* Release */,
			);
			defaultConfigurationIsVisible = 0;
			defaultConfigurationName = Release;
		};
/* End XCConfigurationList section */
	};
	rootObject = 8E7A49A82704B6E50025BF8C /* Project object */;
}
